
Microsoft Visual Studio Solution File, Format Version 12.00
# Visual Studio Version 16
VisualStudioVersion = 16.0.31105.61
MinimumVisualStudioVersion = 10.0.40219.1
Project("{FAE04EC0-301F-11D3-BF4B-00C04F79EFBC}") = "SVNMetaCommitCheck", "SVNMetaCommitCheck.csproj", "{578EDB94-6B8E-46EB-AE0B-88DAD05D9834}"
EndProject
Global
	GlobalSection(SolutionConfigurationPlatforms) = preSolution
		Debug|Any CPU = Debug|Any CPU
		Release|Any CPU = Release|Any CPU
	EndGlobalSection
	GlobalSection(ProjectConfigurationPlatforms) = postSolution
		{578EDB94-6B8E-46EB-AE0B-88DAD05D9834}.Debug|Any CPU.ActiveCfg = Debug|Any CPU
		{578EDB94-6B8E-46EB-AE0B-88DAD05D9834}.Debug|Any CPU.Build.0 = Debug|Any CPU
		{578EDB94-6B8E-46EB-AE0B-88DAD05D9834}.Release|Any CPU.ActiveCfg = Release|Any CPU
		{578EDB94-6B8E-46EB-AE0B-88DAD05D9834}.Release|Any CPU.Build.0 = Release|Any CPU
	EndGlobalSection
	GlobalSection(SolutionProperties) = preSolution
		HideSolutionNode = FALSE
	EndGlobalSection
	GlobalSection(ExtensibilityGlobals) = postSolution
		SolutionGuid = {368964E0-5E1C-4B47-ADAD-7C2E79149FA6}
	EndGlobalSection
EndGlobal
